
Microsoft Visual Studio Solution File, Format Version 12.00
# Visual Studio Version 17
VisualStudioVersion = 17.0.31903.59
MinimumVisualStudioVersion = 10.0.40219.1
Project("{FAE04EC0-301F-11D3-BF4B-00C04F79EFBC}") = "arby", "Arby.Lib\arby.csproj", "{346E3070-EE8F-42CB-8DC9-84A045B90F54}"
EndProject
Project("{FAE04EC0-301F-11D3-BF4B-00C04F79EFBC}") = "Arby.Test", "Arby.Test\Arby.Test.csproj", "{C2FEC797-925D-47F5-A65E-C336DBCC154E}"
EndProject
Project("{FAE04EC0-301F-11D3-BF4B-00C04F79EFBC}") = "Sample", "Sample\Sample.csproj", "{FF03A00D-1687-49CA-A605-B1D57C154BF5}"
EndProject
Global
	GlobalSection(SolutionConfigurationPlatforms) = preSolution
		Debug|Any CPU = Debug|Any CPU
		Release|Any CPU = Release|Any CPU
	EndGlobalSection
	GlobalSection(SolutionProperties) = preSolution
		HideSolutionNode = FALSE
	EndGlobalSection
	GlobalSection(ProjectConfigurationPlatforms) = postSolution
		{346E3070-EE8F-42CB-8DC9-84A045B90F54}.Debug|Any CPU.ActiveCfg = Debug|Any CPU
		{346E3070-EE8F-42CB-8DC9-84A045B90F54}.Debug|Any CPU.Build.0 = Debug|Any CPU
		{346E3070-EE8F-42CB-8DC9-84A045B90F54}.Release|Any CPU.ActiveCfg = Release|Any CPU
		{346E3070-EE8F-42CB-8DC9-84A045B90F54}.Release|Any CPU.Build.0 = Release|Any CPU
		{C2FEC797-925D-47F5-A65E-C336DBCC154E}.Debug|Any CPU.ActiveCfg = Debug|Any CPU
		{C2FEC797-925D-47F5-A65E-C336DBCC154E}.Debug|Any CPU.Build.0 = Debug|Any CPU
		{C2FEC797-925D-47F5-A65E-C336DBCC154E}.Release|Any CPU.ActiveCfg = Release|Any CPU
		{C2FEC797-925D-47F5-A65E-C336DBCC154E}.Release|Any CPU.Build.0 = Release|Any CPU
		{FF03A00D-1687-49CA-A605-B1D57C154BF5}.Debug|Any CPU.ActiveCfg = Debug|Any CPU
		{FF03A00D-1687-49CA-A605-B1D57C154BF5}.Debug|Any CPU.Build.0 = Debug|Any CPU
		{FF03A00D-1687-49CA-A605-B1D57C154BF5}.Release|Any CPU.ActiveCfg = Release|Any CPU
		{FF03A00D-1687-49CA-A605-B1D57C154BF5}.Release|Any CPU.Build.0 = Release|Any CPU
	EndGlobalSection
EndGlobal
